// !$*UTF8*$!
{
	archiveVersion = 1;
	classes = {
	};
	objectVersion = 46;
	objects = {

/* Begin PBXBuildFile section */
		6FBBD29F1EB8EAF4008C4A7F /* AppDelegate.swift in Sources */ = {isa = PBXBuildFile; fileRef = 6FBBD29E1EB8EAF4008C4A7F /* AppDelegate.swift */; };
		6FBBD2A11EB8EAF4008C4A7F /* ViewController.swift in Sources */ = {isa = PBXBuildFile; fileRef = 6FBBD2A01EB8EAF4008C4A7F /* ViewController.swift */; };
		6FBBD2A41EB8EAF4008C4A7F /* Start.storyboard in Resources */ = {isa = PBXBuildFile; fileRef = 6FBBD2A21EB8EAF4008C4A7F /* Start.storyboard */; };
		6FBBD2A61EB8EAF4008C4A7F /* Assets.xcassets in Resources */ = {isa = PBXBuildFile; fileRef = 6FBBD2A51EB8EAF4008C4A7F /* Assets.xcassets */; };
		6FBBD2A91EB8EAF4008C4A7F /* LaunchScreen.storyboard in Resources */ = {isa = PBXBuildFile; fileRef = 6FBBD2A71EB8EAF4008C4A7F /* LaunchScreen.storyboard */; };
		6FBBD2B41EB8EC2B008C4A7F /* SignInVC.swift in Sources */ = {isa = PBXBuildFile; fileRef = 6FBBD2B31EB8EC2B008C4A7F /* SignInVC.swift */; };
		6FBBD2B61EB8F336008C4A7F /* SignUpVC.swift in Sources */ = {isa = PBXBuildFile; fileRef = 6FBBD2B51EB8F336008C4A7F /* SignUpVC.swift */; };
		6FBBD2B81EBB6543008C4A7F /* HomeVC.swift in Sources */ = {isa = PBXBuildFile; fileRef = 6FBBD2B71EBB6543008C4A7F /* HomeVC.swift */; };
		6FBBD2BA1EBB6717008C4A7F /* DiscoverVC.swift in Sources */ = {isa = PBXBuildFile; fileRef = 6FBBD2B91EBB6717008C4A7F /* DiscoverVC.swift */; };
		6FBBD2BC1EBB6729008C4A7F /* CameraVC.swift in Sources */ = {isa = PBXBuildFile; fileRef = 6FBBD2BB1EBB6729008C4A7F /* CameraVC.swift */; };
		6FBBD2BE1EBB6734008C4A7F /* ActivityVC.swift in Sources */ = {isa = PBXBuildFile; fileRef = 6FBBD2BD1EBB6734008C4A7F /* ActivityVC.swift */; };
		6FBBD2C01EBB6778008C4A7F /* ProfileVC.swift in Sources */ = {isa = PBXBuildFile; fileRef = 6FBBD2BF1EBB6778008C4A7F /* ProfileVC.swift */; };
		6FBBD2C21EBB7808008C4A7F /* Main.storyboard in Resources */ = {isa = PBXBuildFile; fileRef = 6FBBD2C11EBB7808008C4A7F /* Main.storyboard */; };
		6FBBD2C41EBB7AF4008C4A7F /* Home.storyboard in Resources */ = {isa = PBXBuildFile; fileRef = 6FBBD2C31EBB7AF4008C4A7F /* Home.storyboard */; };
		6FBBD2C61EBB7B92008C4A7F /* Discover.storyboard in Resources */ = {isa = PBXBuildFile; fileRef = 6FBBD2C51EBB7B92008C4A7F /* Discover.storyboard */; };
		6FBBD2C81EBB7BBA008C4A7F /* Camera.storyboard in Resources */ = {isa = PBXBuildFile; fileRef = 6FBBD2C71EBB7BBA008C4A7F /* Camera.storyboard */; };
		6FBBD2CA1EBB7BEA008C4A7F /* Activity.storyboard in Resources */ = {isa = PBXBuildFile; fileRef = 6FBBD2C91EBB7BEA008C4A7F /* Activity.storyboard */; };
		6FBBD2CC1EBB7C0B008C4A7F /* Profile.storyboard in Resources */ = {isa = PBXBuildFile; fileRef = 6FBBD2CB1EBB7C0B008C4A7F /* Profile.storyboard */; };
		6FBBD2CF1EBF5E16008C4A7F /* GoogleService-Info.plist in Resources */ = {isa = PBXBuildFile; fileRef = 6FBBD2CE1EBF5E16008C4A7F /* GoogleService-Info.plist */; };
		F8BBC4B1527E0B3D9F47AFA0 /* Pods_Social.framework in Frameworks */ = {isa = PBXBuildFile; fileRef = D12A0FCFEEE1AB4E1C70D6F0 /* Pods_Social.framework */; };
/* End PBXBuildFile section */

/* Begin PBXFileReference section */
		0404467F0BB12617812E7785 /* Pods-Social.debug.xcconfig */ = {isa = PBXFileReference; includeInIndex = 1; lastKnownFileType = text.xcconfig; name = "Pods-Social.debug.xcconfig"; path = "Pods/Target Support Files/Pods-Social/Pods-Social.debug.xcconfig"; sourceTree = "<group>"; };
		18D4973AD8C3022DE204EACE /* Pods-Social.release.xcconfig */ = {isa = PBXFileReference; includeInIndex = 1; lastKnownFileType = text.xcconfig; name = "Pods-Social.release.xcconfig"; path = "Pods/Target Support Files/Pods-Social/Pods-Social.release.xcconfig"; sourceTree = "<group>"; };
		6FBBD29B1EB8EAF4008C4A7F /* Social.app */ = {isa = PBXFileReference; explicitFileType = wrapper.application; includeInIndex = 0; path = Social.app; sourceTree = BUILT_PRODUCTS_DIR; };
		6FBBD29E1EB8EAF4008C4A7F /* AppDelegate.swift */ = {isa = PBXFileReference; lastKnownFileType = sourcecode.swift; path = AppDelegate.swift; sourceTree = "<group>"; };
		6FBBD2A01EB8EAF4008C4A7F /* ViewController.swift */ = {isa = PBXFileReference; lastKnownFileType = sourcecode.swift; path = ViewController.swift; sourceTree = "<group>"; };
		6FBBD2A31EB8EAF4008C4A7F /* Base */ = {isa = PBXFileReference; lastKnownFileType = file.storyboard; name = Base; path = Base.lproj/Start.storyboard; sourceTree = "<group>"; };
		6FBBD2A51EB8EAF4008C4A7F /* Assets.xcassets */ = {isa = PBXFileReference; lastKnownFileType = folder.assetcatalog; path = Assets.xcassets; sourceTree = "<group>"; };
		6FBBD2A81EB8EAF4008C4A7F /* Base */ = {isa = PBXFileReference; lastKnownFileType = file.storyboard; name = Base; path = Base.lproj/LaunchScreen.storyboard; sourceTree = "<group>"; };
		6FBBD2AA1EB8EAF4008C4A7F /* Info.plist */ = {isa = PBXFileReference; lastKnownFileType = text.plist.xml; path = Info.plist; sourceTree = "<group>"; };
		6FBBD2B31EB8EC2B008C4A7F /* SignInVC.swift */ = {isa = PBXFileReference; fileEncoding = 4; lastKnownFileType = sourcecode.swift; path = SignInVC.swift; sourceTree = "<group>"; };
		6FBBD2B51EB8F336008C4A7F /* SignUpVC.swift */ = {isa = PBXFileReference; fileEncoding = 4; lastKnownFileType = sourcecode.swift; path = SignUpVC.swift; sourceTree = "<group>"; };
		6FBBD2B71EBB6543008C4A7F /* HomeVC.swift */ = {isa = PBXFileReference; fileEncoding = 4; lastKnownFileType = sourcecode.swift; path = HomeVC.swift; sourceTree = "<group>"; };
		6FBBD2B91EBB6717008C4A7F /* DiscoverVC.swift */ = {isa = PBXFileReference; fileEncoding = 4; lastKnownFileType = sourcecode.swift; path = DiscoverVC.swift; sourceTree = "<group>"; };
		6FBBD2BB1EBB6729008C4A7F /* CameraVC.swift */ = {isa = PBXFileReference; fileEncoding = 4; lastKnownFileType = sourcecode.swift; path = CameraVC.swift; sourceTree = "<group>"; };
		6FBBD2BD1EBB6734008C4A7F /* ActivityVC.swift */ = {isa = PBXFileReference; fileEncoding = 4; lastKnownFileType = sourcecode.swift; path = ActivityVC.swift; sourceTree = "<group>"; };
		6FBBD2BF1EBB6778008C4A7F /* ProfileVC.swift */ = {isa = PBXFileReference; fileEncoding = 4; lastKnownFileType = sourcecode.swift; name = ProfileVC.swift; path = Assets.xcassets/ProfileVC.swift; sourceTree = "<group>"; };
		6FBBD2C11EBB7808008C4A7F /* Main.storyboard */ = {isa = PBXFileReference; fileEncoding = 4; lastKnownFileType = file.storyboard; path = Main.storyboard; sourceTree = "<group>"; };
		6FBBD2C31EBB7AF4008C4A7F /* Home.storyboard */ = {isa = PBXFileReference; fileEncoding = 4; lastKnownFileType = file.storyboard; path = Home.storyboard; sourceTree = "<group>"; };
		6FBBD2C51EBB7B92008C4A7F /* Discover.storyboard */ = {isa = PBXFileReference; fileEncoding = 4; lastKnownFileType = file.storyboard; path = Discover.storyboard; sourceTree = "<group>"; };
		6FBBD2C71EBB7BBA008C4A7F /* Camera.storyboard */ = {isa = PBXFileReference; fileEncoding = 4; lastKnownFileType = file.storyboard; path = Camera.storyboard; sourceTree = "<group>"; };
		6FBBD2C91EBB7BEA008C4A7F /* Activity.storyboard */ = {isa = PBXFileReference; fileEncoding = 4; lastKnownFileType = file.storyboard; path = Activity.storyboard; sourceTree = "<group>"; };
		6FBBD2CB1EBB7C0B008C4A7F /* Profile.storyboard */ = {isa = PBXFileReference; fileEncoding = 4; lastKnownFileType = file.storyboard; path = Profile.storyboard; sourceTree = "<group>"; };
		6FBBD2CE1EBF5E16008C4A7F /* GoogleService-Info.plist */ = {isa = PBXFileReference; fileEncoding = 4; lastKnownFileType = text.plist.xml; path = "GoogleService-Info.plist"; sourceTree = "<group>"; };
		D12A0FCFEEE1AB4E1C70D6F0 /* Pods_Social.framework */ = {isa = PBXFileReference; explicitFileType = wrapper.framework; includeInIndex = 0; path = Pods_Social.framework; sourceTree = BUILT_PRODUCTS_DIR; };
/* End PBXFileReference section */

/* Begin PBXFrameworksBuildPhase section */
		6FBBD2981EB8EAF4008C4A7F /* Frameworks */ = {
			isa = PBXFrameworksBuildPhase;
			buildActionMask = 2147483647;
			files = (
				F8BBC4B1527E0B3D9F47AFA0 /* Pods_Social.framework in Frameworks */,
			);
			runOnlyForDeploymentPostprocessing = 0;
		};
/* End PBXFrameworksBuildPhase section */

/* Begin PBXGroup section */
		14C77F254F9EDADB1A350196 /* Pods */ = {
			isa = PBXGroup;
			children = (
				0404467F0BB12617812E7785 /* Pods-Social.debug.xcconfig */,
				18D4973AD8C3022DE204EACE /* Pods-Social.release.xcconfig */,
			);
			name = Pods;
			sourceTree = "<group>";
		};
		6FBBD2921EB8EAF4008C4A7F = {
			isa = PBXGroup;
			children = (
				6FBBD29D1EB8EAF4008C4A7F /* Social */,
				6FBBD29C1EB8EAF4008C4A7F /* Products */,
				14C77F254F9EDADB1A350196 /* Pods */,
				8B5674E721E78BE91A7CA8FA /* Frameworks */,
			);
			sourceTree = "<group>";
		};
		6FBBD29C1EB8EAF4008C4A7F /* Products */ = {
			isa = PBXGroup;
			children = (
				6FBBD29B1EB8EAF4008C4A7F /* Social.app */,
			);
			name = Products;
			sourceTree = "<group>";
		};
		6FBBD29D1EB8EAF4008C4A7F /* Social */ = {
			isa = PBXGroup;
			children = (
				6FBBD2B21EB8EBD7008C4A7F /* Model */,
				6FBBD2B11EB8EBCB008C4A7F /* View */,
				6FBBD2B01EB8EBC1008C4A7F /* Controller */,
				6FBBD29E1EB8EAF4008C4A7F /* AppDelegate.swift */,
				6FBBD2A01EB8EAF4008C4A7F /* ViewController.swift */,
				6FBBD2CD1EBB7C2D008C4A7F /* Story */,
				6FBBD2A51EB8EAF4008C4A7F /* Assets.xcassets */,
				6FBBD2A71EB8EAF4008C4A7F /* LaunchScreen.storyboard */,
				6FBBD2AA1EB8EAF4008C4A7F /* Info.plist */,
				6FBBD2CE1EBF5E16008C4A7F /* GoogleService-Info.plist */,
			);
			path = Social;
			sourceTree = "<group>";
		};
		6FBBD2B01EB8EBC1008C4A7F /* Controller */ = {
			isa = PBXGroup;
			children = (
				6FBBD2B31EB8EC2B008C4A7F /* SignInVC.swift */,
				6FBBD2B51EB8F336008C4A7F /* SignUpVC.swift */,
				6FBBD2B71EBB6543008C4A7F /* HomeVC.swift */,
				6FBBD2B91EBB6717008C4A7F /* DiscoverVC.swift */,
				6FBBD2BB1EBB6729008C4A7F /* CameraVC.swift */,
				6FBBD2BD1EBB6734008C4A7F /* ActivityVC.swift */,
				6FBBD2BF1EBB6778008C4A7F /* ProfileVC.swift */,
			);
			name = Controller;
			sourceTree = "<group>";
		};
		6FBBD2B11EB8EBCB008C4A7F /* View */ = {
			isa = PBXGroup;
			children = (
			);
			name = View;
			sourceTree = "<group>";
		};
		6FBBD2B21EB8EBD7008C4A7F /* Model */ = {
			isa = PBXGroup;
			children = (
			);
			name = Model;
			sourceTree = "<group>";
		};
		6FBBD2CD1EBB7C2D008C4A7F /* Story */ = {
			isa = PBXGroup;
			children = (
				6FBBD2A21EB8EAF4008C4A7F /* Start.storyboard */,
				6FBBD2C11EBB7808008C4A7F /* Main.storyboard */,
				6FBBD2CB1EBB7C0B008C4A7F /* Profile.storyboard */,
				6FBBD2C91EBB7BEA008C4A7F /* Activity.storyboard */,
				6FBBD2C71EBB7BBA008C4A7F /* Camera.storyboard */,
				6FBBD2C51EBB7B92008C4A7F /* Discover.storyboard */,
				6FBBD2C31EBB7AF4008C4A7F /* Home.storyboard */,
			);
			name = Story;
			sourceTree = "<group>";
		};
		8B5674E721E78BE91A7CA8FA /* Frameworks */ = {
			isa = PBXGroup;
			children = (
				D12A0FCFEEE1AB4E1C70D6F0 /* Pods_Social.framework */,
			);
			name = Frameworks;
			sourceTree = "<group>";
		};
/* End PBXGroup section */

/* Begin PBXNativeTarget section */
		6FBBD29A1EB8EAF4008C4A7F /* Social */ = {
			isa = PBXNativeTarget;
			buildConfigurationList = 6FBBD2AD1EB8EAF4008C4A7F /* Build configuration list for PBXNativeTarget "Social" */;
			buildPhases = (
				171B3A8BBAE07CB862402544 /* [CP] Check Pods Manifest.lock */,
				6FBBD2971EB8EAF4008C4A7F /* Sources */,
				6FBBD2981EB8EAF4008C4A7F /* Frameworks */,
				6FBBD2991EB8EAF4008C4A7F /* Resources */,
				00121A08826AE21871DAFA72 /* [CP] Embed Pods Frameworks */,
				9F825A9E5263E0E0609EAF9E /* [CP] Copy Pods Resources */,
			);
			buildRules = (
			);
			dependencies = (
			);
			name = Social;
			productName = Social;
			productReference = 6FBBD29B1EB8EAF4008C4A7F /* Social.app */;
			productType = "com.apple.product-type.application";
		};
/* End PBXNativeTarget section */

/* Begin PBXProject section */
		6FBBD2931EB8EAF4008C4A7F /* Project object */ = {
			isa = PBXProject;
			attributes = {
				LastSwiftUpdateCheck = 0830;
				LastUpgradeCheck = 0830;
				ORGANIZATIONNAME = "Malkiel Shaul";
				TargetAttributes = {
					6FBBD29A1EB8EAF4008C4A7F = {
						CreatedOnToolsVersion = 8.3.2;
						DevelopmentTeam = 7R3D49579S;
						ProvisioningStyle = Automatic;
					};
				};
			};
			buildConfigurationList = 6FBBD2961EB8EAF4008C4A7F /* Build configuration list for PBXProject "Social" */;
			compatibilityVersion = "Xcode 3.2";
			developmentRegion = English;
			hasScannedForEncodings = 0;
			knownRegions = (
				en,
				Base,
			);
			mainGroup = 6FBBD2921EB8EAF4008C4A7F;
			productRefGroup = 6FBBD29C1EB8EAF4008C4A7F /* Products */;
			projectDirPath = "";
			projectRoot = "";
			targets = (
				6FBBD29A1EB8EAF4008C4A7F /* Social */,
			);
		};
/* End PBXProject section */

/* Begin PBXResourcesBuildPhase section */
		6FBBD2991EB8EAF4008C4A7F /* Resources */ = {
			isa = PBXResourcesBuildPhase;
			buildActionMask = 2147483647;
			files = (
				6FBBD2A91EB8EAF4008C4A7F /* LaunchScreen.storyboard in Resources */,
				6FBBD2C81EBB7BBA008C4A7F /* Camera.storyboard in Resources */,
				6FBBD2C41EBB7AF4008C4A7F /* Home.storyboard in Resources */,
				6FBBD2A61EB8EAF4008C4A7F /* Assets.xcassets in Resources */,
				6FBBD2C21EBB7808008C4A7F /* Main.storyboard in Resources */,
				6FBBD2A41EB8EAF4008C4A7F /* Start.storyboard in Resources */,
				6FBBD2CC1EBB7C0B008C4A7F /* Profile.storyboard in Resources */,
				6FBBD2CF1EBF5E16008C4A7F /* GoogleService-Info.plist in Resources */,
				6FBBD2C61EBB7B92008C4A7F /* Discover.storyboard in Resources */,
				6FBBD2CA1EBB7BEA008C4A7F /* Activity.storyboard in Resources */,
			);
			runOnlyForDeploymentPostprocessing = 0;
		};
/* End PBXResourcesBuildPhase section */

/* Begin PBXShellScriptBuildPhase section */
		00121A08826AE21871DAFA72 /* [CP] Embed Pods Frameworks */ = {
			isa = PBXShellScriptBuildPhase;
			buildActionMask = 2147483647;
			files = (
			);
			inputPaths = (
			);
			name = "[CP] Embed Pods Frameworks";
			outputPaths = (
			);
			runOnlyForDeploymentPostprocessing = 0;
			shellPath = /bin/sh;
			shellScript = "\"${SRCROOT}/Pods/Target Support Files/Pods-Social/Pods-Social-frameworks.sh\"\n";
			showEnvVarsInLog = 0;
		};
		171B3A8BBAE07CB862402544 /* [CP] Check Pods Manifest.lock */ = {
			isa = PBXShellScriptBuildPhase;
			buildActionMask = 2147483647;
			files = (
			);
			inputPaths = (
			);
			name = "[CP] Check Pods Manifest.lock";
			outputPaths = (
			);
			runOnlyForDeploymentPostprocessing = 0;
			shellPath = /bin/sh;
			shellScript = "diff \"${PODS_PODFILE_DIR_PATH}/Podfile.lock\" \"${PODS_ROOT}/Manifest.lock\" > /dev/null\nif [ $? != 0 ] ; then\n    # print error to STDERR\n    echo \"error: The sandbox is not in sync with the Podfile.lock. Run 'pod install' or update your CocoaPods installation.\" >&2\n    exit 1\nfi\n";
			showEnvVarsInLog = 0;
		};
		9F825A9E5263E0E0609EAF9E /* [CP] Copy Pods Resources */ = {
			isa = PBXShellScriptBuildPhase;
			buildActionMask = 2147483647;
			files = (
			);
			inputPaths = (
			);
			name = "[CP] Copy Pods Resources";
			outputPaths = (
			);
			runOnlyForDeploymentPostprocessing = 0;
			shellPath = /bin/sh;
			shellScript = "\"${SRCROOT}/Pods/Target Support Files/Pods-Social/Pods-Social-resources.sh\"\n";
			showEnvVarsInLog = 0;
		};
/* End PBXShellScriptBuildPhase section */

/* Begin PBXSourcesBuildPhase section */
		6FBBD2971EB8EAF4008C4A7F /* Sources */ = {
			isa = PBXSourcesBuildPhase;
			buildActionMask = 2147483647;
			files = (
				6FBBD2B61EB8F336008C4A7F /* SignUpVC.swift in Sources */,
				6FBBD2BE1EBB6734008C4A7F /* ActivityVC.swift in Sources */,
				6FBBD2B81EBB6543008C4A7F /* HomeVC.swift in Sources */,
				6FBBD2C01EBB6778008C4A7F /* ProfileVC.swift in Sources */,
				6FBBD2BC1EBB6729008C4A7F /* CameraVC.swift in Sources */,
				6FBBD2A11EB8EAF4008C4A7F /* ViewController.swift in Sources */,
				6FBBD29F1EB8EAF4008C4A7F /* AppDelegate.swift in Sources */,
				6FBBD2B41EB8EC2B008C4A7F /* SignInVC.swift in Sources */,
				6FBBD2BA1EBB6717008C4A7F /* DiscoverVC.swift in Sources */,
			);
			runOnlyForDeploymentPostprocessing = 0;
		};
/* End PBXSourcesBuildPhase section */

/* Begin PBXVariantGroup section */
		6FBBD2A21EB8EAF4008C4A7F /* Start.storyboard */ = {
			isa = PBXVariantGroup;
			children = (
				6FBBD2A31EB8EAF4008C4A7F /* Base */,
			);
			name = Start.storyboard;
			sourceTree = "<group>";
		};
		6FBBD2A71EB8EAF4008C4A7F /* LaunchScreen.storyboard */ = {
			isa = PBXVariantGroup;
			children = (
				6FBBD2A81EB8EAF4008C4A7F /* Base */,
			);
			name = LaunchScreen.storyboard;
			sourceTree = "<group>";
		};
/* End PBXVariantGroup section */

/* Begin XCBuildConfiguration section */
		6FBBD2AB1EB8EAF4008C4A7F /* Debug */ = {
			isa = XCBuildConfiguration;
			buildSettings = {
				ALWAYS_SEARCH_USER_PATHS = NO;
				CLANG_ANALYZER_NONNULL = YES;
				CLANG_ANALYZER_NUMBER_OBJECT_CONVERSION = YES_AGGRESSIVE;
				CLANG_CXX_LANGUAGE_STANDARD = "gnu++0x";
				CLANG_CXX_LIBRARY = "libc++";
				CLANG_ENABLE_MODULES = YES;
				CLANG_ENABLE_OBJC_ARC = YES;
				CLANG_WARN_BOOL_CONVERSION = YES;
				CLANG_WARN_CONSTANT_CONVERSION = YES;
				CLANG_WARN_DIRECT_OBJC_ISA_USAGE = YES_ERROR;
				CLANG_WARN_DOCUMENTATION_COMMENTS = YES;
				CLANG_WARN_EMPTY_BODY = YES;
				CLANG_WARN_ENUM_CONVERSION = YES;
				CLANG_WARN_INFINITE_RECURSION = YES;
				CLANG_WARN_INT_CONVERSION = YES;
				CLANG_WARN_OBJC_ROOT_CLASS = YES_ERROR;
				CLANG_WARN_SUSPICIOUS_MOVE = YES;
				CLANG_WARN_UNREACHABLE_CODE = YES;
				CLANG_WARN__DUPLICATE_METHOD_MATCH = YES;
				"CODE_SIGN_IDENTITY[sdk=iphoneos*]" = "iPhone Developer";
				COPY_PHASE_STRIP = NO;
				DEBUG_INFORMATION_FORMAT = dwarf;
				ENABLE_STRICT_OBJC_MSGSEND = YES;
				ENABLE_TESTABILITY = YES;
				GCC_C_LANGUAGE_STANDARD = gnu99;
				GCC_DYNAMIC_NO_PIC = NO;
				GCC_NO_COMMON_BLOCKS = YES;
				GCC_OPTIMIZATION_LEVEL = 0;
				GCC_PREPROCESSOR_DEFINITIONS = (
					"DEBUG=1",
					"$(inherited)",
				);
				GCC_WARN_64_TO_32_BIT_CONVERSION = YES;
				GCC_WARN_ABOUT_RETURN_TYPE = YES_ERROR;
				GCC_WARN_UNDECLARED_SELECTOR = YES;
				GCC_WARN_UNINITIALIZED_AUTOS = YES_AGGRESSIVE;
				GCC_WARN_UNUSED_FUNCTION = YES;
				GCC_WARN_UNUSED_VARIABLE = YES;
				IPHONEOS_DEPLOYMENT_TARGET = 10.3;
				MTL_ENABLE_DEBUG_INFO = YES;
				ONLY_ACTIVE_ARCH = YES;
				SDKROOT = iphoneos;
				SWIFT_ACTIVE_COMPILATION_CONDITIONS = DEBUG;
				SWIFT_OPTIMIZATION_LEVEL = "-Onone";
				TARGETED_DEVICE_FAMILY = "1,2";
			};
			name = Debug;
		};
		6FBBD2AC1EB8EAF4008C4A7F /* Release */ = {
			isa = XCBuildConfiguration;
			buildSettings = {
				ALWAYS_SEARCH_USER_PATHS = NO;
				CLANG_ANALYZER_NONNULL = YES;
				CLANG_ANALYZER_NUMBER_OBJECT_CONVERSION = YES_AGGRESSIVE;
				CLANG_CXX_LANGUAGE_STANDARD = "gnu++0x";
				CLANG_CXX_LIBRARY = "libc++";
				CLANG_ENABLE_MODULES = YES;
				CLANG_ENABLE_OBJC_ARC = YES;
				CLANG_WARN_BOOL_CONVERSION = YES;
				CLANG_WARN_CONSTANT_CONVERSION = YES;
				CLANG_WARN_DIRECT_OBJC_ISA_USAGE = YES_ERROR;
				CLANG_WARN_DOCUMENTATION_COMMENTS = YES;
				CLANG_WARN_EMPTY_BODY = YES;
				CLANG_WARN_ENUM_CONVERSION = YES;
				CLANG_WARN_INFINITE_RECURSION = YES;
				CLANG_WARN_INT_CONVERSION = YES;
				CLANG_WARN_OBJC_ROOT_CLASS = YES_ERROR;
				CLANG_WARN_SUSPICIOUS_MOVE = YES;
				CLANG_WARN_UNREACHABLE_CODE = YES;
				CLANG_WARN__DUPLICATE_METHOD_MATCH = YES;
				"CODE_SIGN_IDENTITY[sdk=iphoneos*]" = "iPhone Developer";
				COPY_PHASE_STRIP = NO;
				DEBUG_INFORMATION_FORMAT = "dwarf-with-dsym";
				ENABLE_NS_ASSERTIONS = NO;
				ENABLE_STRICT_OBJC_MSGSEND = YES;
				GCC_C_LANGUAGE_STANDARD = gnu99;
				GCC_NO_COMMON_BLOCKS = YES;
				GCC_WARN_64_TO_32_BIT_CONVERSION = YES;
				GCC_WARN_ABOUT_RETURN_TYPE = YES_ERROR;
				GCC_WARN_UNDECLARED_SELECTOR = YES;
				GCC_WARN_UNINITIALIZED_AUTOS = YES_AGGRESSIVE;
				GCC_WARN_UNUSED_FUNCTION = YES;
				GCC_WARN_UNUSED_VARIABLE = YES;
				IPHONEOS_DEPLOYMENT_TARGET = 10.3;
				MTL_ENABLE_DEBUG_INFO = NO;
				SDKROOT = iphoneos;
				SWIFT_OPTIMIZATION_LEVEL = "-Owholemodule";
				TARGETED_DEVICE_FAMILY = "1,2";
				VALIDATE_PRODUCT = YES;
			};
			name = Release;
		};
		6FBBD2AE1EB8EAF4008C4A7F /* Debug */ = {
			isa = XCBuildConfiguration;
			baseConfigurationReference = 0404467F0BB12617812E7785 /* Pods-Social.debug.xcconfig */;
			buildSettings = {
				ASSETCATALOG_COMPILER_APPICON_NAME = AppIcon;
				DEVELOPMENT_TEAM = 7R3D49579S;
				INFOPLIST_FILE = Social/Info.plist;
				LD_RUNPATH_SEARCH_PATHS = "$(inherited) @executable_path/Frameworks";
				PRODUCT_BUNDLE_IDENTIFIER = com.malkiel.Social;
				PRODUCT_NAME = "$(TARGET_NAME)";
				SWIFT_VERSION = 3.0;
			};
			name = Debug;
		};
		6FBBD2AF1EB8EAF4008C4A7F /* Release */ = {
			isa = XCBuildConfiguration;
			baseConfigurationReference = 18D4973AD8C3022DE204EACE /* Pods-Social.release.xcconfig */;
			buildSettings = {
				ASSETCATALOG_COMPILER_APPICON_NAME = AppIcon;
				DEVELOPMENT_TEAM = 7R3D49579S;
				INFOPLIST_FILE = Social/Info.plist;
				LD_RUNPATH_SEARCH_PATHS = "$(inherited) @executable_path/Frameworks";
				PRODUCT_BUNDLE_IDENTIFIER = com.malkiel.Social;
				PRODUCT_NAME = "$(TARGET_NAME)";
				SWIFT_VERSION = 3.0;
			};
			name = Release;
		};
/* End XCBuildConfiguration section */

/* Begin XCConfigurationList section */
		6FBBD2961EB8EAF4008C4A7F /* Build configuration list for PBXProject "Social" */ = {
			isa = XCConfigurationList;
			buildConfigurations = (
				6FBBD2AB1EB8EAF4008C4A7F /* Debug */,
				6FBBD2AC1EB8EAF4008C4A7F /* Release */,
			);
			defaultConfigurationIsVisible = 0;
			defaultConfigurationName = Release;
		};
		6FBBD2AD1EB8EAF4008C4A7F /* Build configuration list for PBXNativeTarget "Social" */ = {
			isa = XCConfigurationList;
			buildConfigurations = (
				6FBBD2AE1EB8EAF4008C4A7F /* Debug */,
				6FBBD2AF1EB8EAF4008C4A7F /* Release */,
			);
			defaultConfigurationIsVisible = 0;
			defaultConfigurationName = Release;
		};
/* End XCConfigurationList section */
	};
	rootObject = 6FBBD2931EB8EAF4008C4A7F /* Project object */;
}
